# THIS IS AN AUTOGENERATED FILE. DO NOT EDIT THIS FILE DIRECTLY.
# yarn lockfile v1


markdown-it-multicolumn@^0.1.5:
  version "0.1.5"
  resolved "https://registry.yarnpkg.com/markdown-it-multicolumn/-/markdown-it-multicolumn-0.1.5.tgz#a163b8422ffa3c0dc75083a2ce6d341ff5aafdac"
  integrity sha512-hI3yW16bRI9svc7YUi9KyErD3SljbMweiYQT5c/7nx08vkebWzw/rWaq8cmmtTAgJo7I32/x4bO5+rfiOuC6Xw==
